
Microsoft Visual Studio Solution File, Format Version 12.00
# Visual Studio Version 17
VisualStudioVersion = 17.8.34525.116
MinimumVisualStudioVersion = 10.0.40219.1
Project("{FAE04EC0-301F-11D3-BF4B-00C04F79EFBC}") = "AppExemploString", "AppExemploString.csproj", "{B825B325-D6B5-4C92-A6A4-4179EA143608}"
EndProject
Global
	GlobalSection(SolutionConfigurationPlatforms) = preSolution
		Debug|Any CPU = Debug|Any CPU
		Release|Any CPU = Release|Any CPU
	EndGlobalSection
	GlobalSection(ProjectConfigurationPlatforms) = postSolution
		{B825B325-D6B5-4C92-A6A4-4179EA143608}.Debug|Any CPU.ActiveCfg = Debug|Any CPU
		{B825B325-D6B5-4C92-A6A4-4179EA143608}.Debug|Any CPU.Build.0 = Debug|Any CPU
		{B825B325-D6B5-4C92-A6A4-4179EA143608}.Release|Any CPU.ActiveCfg = Release|Any CPU
		{B825B325-D6B5-4C92-A6A4-4179EA143608}.Release|Any CPU.Build.0 = Release|Any CPU
	EndGlobalSection
	GlobalSection(SolutionProperties) = preSolution
		HideSolutionNode = FALSE
	EndGlobalSection
	GlobalSection(ExtensibilityGlobals) = postSolution
		SolutionGuid = {FDAA920F-53AD-40D1-A090-666F06C6D925}
	EndGlobalSection
EndGlobal
