
Microsoft Visual Studio Solution File, Format Version 12.00
# Visual Studio Version 17
VisualStudioVersion = 17.8.34525.116
MinimumVisualStudioVersion = 10.0.40219.1
Project("{FAE04EC0-301F-11D3-BF4B-00C04F79EFBC}") = "Atividade (28-03-24)", "Atividade (28-03-24).csproj", "{7FE9963B-3E62-4551-B403-7703972A02AD}"
EndProject
Global
	GlobalSection(SolutionConfigurationPlatforms) = preSolution
		Debug|Any CPU = Debug|Any CPU
		Release|Any CPU = Release|Any CPU
	EndGlobalSection
	GlobalSection(ProjectConfigurationPlatforms) = postSolution
		{7FE9963B-3E62-4551-B403-7703972A02AD}.Debug|Any CPU.ActiveCfg = Debug|Any CPU
		{7FE9963B-3E62-4551-B403-7703972A02AD}.Debug|Any CPU.Build.0 = Debug|Any CPU
		{7FE9963B-3E62-4551-B403-7703972A02AD}.Release|Any CPU.ActiveCfg = Release|Any CPU
		{7FE9963B-3E62-4551-B403-7703972A02AD}.Release|Any CPU.Build.0 = Release|Any CPU
	EndGlobalSection
	GlobalSection(SolutionProperties) = preSolution
		HideSolutionNode = FALSE
	EndGlobalSection
	GlobalSection(ExtensibilityGlobals) = postSolution
		SolutionGuid = {9A50977F-E9CD-4DD4-9150-F3331E41231A}
	EndGlobalSection
EndGlobal
