
Microsoft Visual Studio Solution File, Format Version 12.00
# Visual Studio Version 17
VisualStudioVersion = 17.8.34525.116
MinimumVisualStudioVersion = 10.0.40219.1
Project("{FAE04EC0-301F-11D3-BF4B-00C04F79EFBC}") = "CalculadoraJuros", "CalculadoraJuros.csproj", "{8A7D566B-5BEA-4D5A-AF27-B546A6645153}"
EndProject
Global
	GlobalSection(SolutionConfigurationPlatforms) = preSolution
		Debug|Any CPU = Debug|Any CPU
		Release|Any CPU = Release|Any CPU
	EndGlobalSection
	GlobalSection(ProjectConfigurationPlatforms) = postSolution
		{8A7D566B-5BEA-4D5A-AF27-B546A6645153}.Debug|Any CPU.ActiveCfg = Debug|Any CPU
		{8A7D566B-5BEA-4D5A-AF27-B546A6645153}.Debug|Any CPU.Build.0 = Debug|Any CPU
		{8A7D566B-5BEA-4D5A-AF27-B546A6645153}.Release|Any CPU.ActiveCfg = Release|Any CPU
		{8A7D566B-5BEA-4D5A-AF27-B546A6645153}.Release|Any CPU.Build.0 = Release|Any CPU
	EndGlobalSection
	GlobalSection(SolutionProperties) = preSolution
		HideSolutionNode = FALSE
	EndGlobalSection
	GlobalSection(ExtensibilityGlobals) = postSolution
		SolutionGuid = {C887F98E-770B-4148-A656-6ACB9CC46916}
	EndGlobalSection
EndGlobal
