
Microsoft Visual Studio Solution File, Format Version 12.00
# Visual Studio Version 17
VisualStudioVersion = 17.4.33403.182
MinimumVisualStudioVersion = 10.0.40219.1
Project("{FAE04EC0-301F-11D3-BF4B-00C04F79EFBC}") = "Calc_de_Desconto_WinForms", "Calc_de_Desconto_WinForms.csproj", "{19D1E6E5-0074-4E07-95A5-2664A981060E}"
EndProject
Global
	GlobalSection(SolutionConfigurationPlatforms) = preSolution
		Debug|Any CPU = Debug|Any CPU
		Release|Any CPU = Release|Any CPU
	EndGlobalSection
	GlobalSection(ProjectConfigurationPlatforms) = postSolution
		{19D1E6E5-0074-4E07-95A5-2664A981060E}.Debug|Any CPU.ActiveCfg = Debug|Any CPU
		{19D1E6E5-0074-4E07-95A5-2664A981060E}.Debug|Any CPU.Build.0 = Debug|Any CPU
		{19D1E6E5-0074-4E07-95A5-2664A981060E}.Release|Any CPU.ActiveCfg = Release|Any CPU
		{19D1E6E5-0074-4E07-95A5-2664A981060E}.Release|Any CPU.Build.0 = Release|Any CPU
	EndGlobalSection
	GlobalSection(SolutionProperties) = preSolution
		HideSolutionNode = FALSE
	EndGlobalSection
	GlobalSection(ExtensibilityGlobals) = postSolution
		SolutionGuid = {CC8BEA77-B133-4F62-8808-24884B74F14E}
	EndGlobalSection
EndGlobal
