
Microsoft Visual Studio Solution File, Format Version 12.00
# Visual Studio Version 17
VisualStudioVersion = 17.4.33403.182
MinimumVisualStudioVersion = 10.0.40219.1
Project("{FAE04EC0-301F-11D3-BF4B-00C04F79EFBC}") = "Hectares_em_Alqueire_WinForms", "Hectares_em_Alqueire_WinForms.csproj", "{D3CEBC8F-85D0-4D65-B401-63783A00127B}"
EndProject
Global
	GlobalSection(SolutionConfigurationPlatforms) = preSolution
		Debug|Any CPU = Debug|Any CPU
		Release|Any CPU = Release|Any CPU
	EndGlobalSection
	GlobalSection(ProjectConfigurationPlatforms) = postSolution
		{D3CEBC8F-85D0-4D65-B401-63783A00127B}.Debug|Any CPU.ActiveCfg = Debug|Any CPU
		{D3CEBC8F-85D0-4D65-B401-63783A00127B}.Debug|Any CPU.Build.0 = Debug|Any CPU
		{D3CEBC8F-85D0-4D65-B401-63783A00127B}.Release|Any CPU.ActiveCfg = Release|Any CPU
		{D3CEBC8F-85D0-4D65-B401-63783A00127B}.Release|Any CPU.Build.0 = Release|Any CPU
	EndGlobalSection
	GlobalSection(SolutionProperties) = preSolution
		HideSolutionNode = FALSE
	EndGlobalSection
	GlobalSection(ExtensibilityGlobals) = postSolution
		SolutionGuid = {1A3367AC-BF37-417C-9BAD-24548AA30213}
	EndGlobalSection
EndGlobal
