
Microsoft Visual Studio Solution File, Format Version 12.00
# Visual Studio Version 17
VisualStudioVersion = 17.11.35208.52
MinimumVisualStudioVersion = 10.0.40219.1
Project("{FAE04EC0-301F-11D3-BF4B-00C04F79EFBC}") = "AppLoterias", "AppLoterias.csproj", "{B8A12369-6786-464A-9F61-D100FA26504F}"
EndProject
Global
	GlobalSection(SolutionConfigurationPlatforms) = preSolution
		Debug|Any CPU = Debug|Any CPU
		Release|Any CPU = Release|Any CPU
	EndGlobalSection
	GlobalSection(ProjectConfigurationPlatforms) = postSolution
		{B8A12369-6786-464A-9F61-D100FA26504F}.Debug|Any CPU.ActiveCfg = Debug|Any CPU
		{B8A12369-6786-464A-9F61-D100FA26504F}.Debug|Any CPU.Build.0 = Debug|Any CPU
		{B8A12369-6786-464A-9F61-D100FA26504F}.Release|Any CPU.ActiveCfg = Release|Any CPU
		{B8A12369-6786-464A-9F61-D100FA26504F}.Release|Any CPU.Build.0 = Release|Any CPU
	EndGlobalSection
	GlobalSection(SolutionProperties) = preSolution
		HideSolutionNode = FALSE
	EndGlobalSection
	GlobalSection(ExtensibilityGlobals) = postSolution
		SolutionGuid = {FCBEFF65-A5D5-4A41-AA09-405A2E9E5E98}
	EndGlobalSection
EndGlobal
