
Microsoft Visual Studio Solution File, Format Version 12.00
# Visual Studio Version 17
VisualStudioVersion = 17.4.33403.182
MinimumVisualStudioVersion = 10.0.40219.1
Project("{FAE04EC0-301F-11D3-BF4B-00C04F79EFBC}") = "Metros_e_Quilometros_WinForms", "Metros_e_Quilometros_WinForms.csproj", "{B544FB9E-9888-42BF-80B5-9B5F941FD26B}"
EndProject
Global
	GlobalSection(SolutionConfigurationPlatforms) = preSolution
		Debug|Any CPU = Debug|Any CPU
		Release|Any CPU = Release|Any CPU
	EndGlobalSection
	GlobalSection(ProjectConfigurationPlatforms) = postSolution
		{B544FB9E-9888-42BF-80B5-9B5F941FD26B}.Debug|Any CPU.ActiveCfg = Debug|Any CPU
		{B544FB9E-9888-42BF-80B5-9B5F941FD26B}.Debug|Any CPU.Build.0 = Debug|Any CPU
		{B544FB9E-9888-42BF-80B5-9B5F941FD26B}.Release|Any CPU.ActiveCfg = Release|Any CPU
		{B544FB9E-9888-42BF-80B5-9B5F941FD26B}.Release|Any CPU.Build.0 = Release|Any CPU
	EndGlobalSection
	GlobalSection(SolutionProperties) = preSolution
		HideSolutionNode = FALSE
	EndGlobalSection
	GlobalSection(ExtensibilityGlobals) = postSolution
		SolutionGuid = {F029E0CC-9221-4E4E-AB33-5F8589199550}
	EndGlobalSection
EndGlobal
